<?xml version="1.0" encoding="utf-8"?>
<Project ToolsVersion="4.0" xmlns="http://schemas.microsoft.com/developer/msbuild/2003">
  <ItemGroup>
    <Filter Include="Source Files">
      <UniqueIdentifier>{4FC737F1-C7A5-4376-A066-2A32D752A2FF}</UniqueIdentifier>
      <Extensions>cpp;c;cc;cxx;def;odl;idl;hpj;bat;asm;asmx</Extensions>
    </Filter>
    <Filter Include="Header Files">
      <UniqueIdentifier>{93995380-89BD-4b04-88EB-625FBE52EBFB}</UniqueIdentifier>
      <Extensions>h;hh;hpp;hxx;hm;inl;inc;ipp;xsd</Extensions>
    </Filter>
    <Filter Include="Resource Files">
      <UniqueIdentifier>{67DA6AB6-F800-4c08-8B7A-83BB121AAD01}</UniqueIdentifier>
      <Extensions>rc;ico;cur;bmp;dlg;rc2;rct;bin;rgs;gif;jpg;jpeg;jpe;resx;tiff;tif;png;wav;mfcribbon-ms</Extensions>
    </Filter>
  </ItemGroup>
  <ItemGroup>
    <ClCompile Include="quirrel\sqmodules\deffileaccess.cpp">
      <Filter>Source Files</Filter>
    </ClCompile>
    <ClCompile Include="quirrel\sqmodules\helpers.cpp">
      <Filter>Source Files</Filter>
    </ClCompile>
    <ClCompile Include="quirrel\sqmodules\path.cpp">
      <Filter>Source Files</Filter>
    </ClCompile>
    <ClCompile Include="quirrel\sqmodules\sqmodules.cpp">
      <Filter>Source Files</Filter>
    </ClCompile>
    <ClCompile Include="quirrel\sqstdlib\sqstdaux.cpp">
      <Filter>Source Files</Filter>
    </ClCompile>
    <ClCompile Include="quirrel\sqstdlib\sqstdblob.cpp">
      <Filter>Source Files</Filter>
    </ClCompile>
    <ClCompile Include="quirrel\sqstdlib\sqstddatetime.cpp">
      <Filter>Source Files</Filter>
    </ClCompile>
    <ClCompile Include="quirrel\sqstdlib\sqstddebug.cpp">
      <Filter>Source Files</Filter>
    </ClCompile>
    <ClCompile Include="quirrel\sqstdlib\sqstdio.cpp">
      <Filter>Source Files</Filter>
    </ClCompile>
    <ClCompile Include="quirrel\sqstdlib\sqstdmath.cpp">
      <Filter>Source Files</Filter>
    </ClCompile>
    <ClCompile Include="quirrel\sqstdlib\sqstdrex.cpp">
      <Filter>Source Files</Filter>
    </ClCompile>
    <ClCompile Include="quirrel\sqstdlib\sqstdserialization.cpp">
      <Filter>Source Files</Filter>
    </ClCompile>
    <ClCompile Include="quirrel\sqstdlib\sqstdstream.cpp">
      <Filter>Source Files</Filter>
    </ClCompile>
    <ClCompile Include="quirrel\sqstdlib\sqstdstring.cpp">
      <Filter>Source Files</Filter>
    </ClCompile>
    <ClCompile Include="quirrel\sqstdlib\sqstdsystem.cpp">
      <Filter>Source Files</Filter>
    </ClCompile>
    <ClCompile Include="quirrel\squirrel\compiler\ast.cpp">
      <Filter>Source Files</Filter>
    </ClCompile>
    <ClCompile Include="quirrel\squirrel\compiler\codegen.cpp">
      <Filter>Source Files</Filter>
    </ClCompile>
    <ClCompile Include="quirrel\squirrel\compiler\compilationcontext.cpp">
      <Filter>Source Files</Filter>
    </ClCompile>
    <ClCompile Include="quirrel\squirrel\compiler\compiler.cpp">
      <Filter>Source Files</Filter>
    </ClCompile>
    <ClCompile Include="quirrel\squirrel\compiler\constgen.cpp">
      <Filter>Source Files</Filter>
    </ClCompile>
    <ClCompile Include="quirrel\squirrel\compiler\lexer.cpp">
      <Filter>Source Files</Filter>
    </ClCompile>
    <ClCompile Include="quirrel\squirrel\compiler\optimizations\closureHoisting.cpp">
      <Filter>Source Files</Filter>
    </ClCompile>
    <ClCompile Include="quirrel\squirrel\compiler\optimizer.cpp">
      <Filter>Source Files</Filter>
    </ClCompile>
    <ClCompile Include="quirrel\squirrel\compiler\parser.cpp">
      <Filter>Source Files</Filter>
    </ClCompile>
    <ClCompile Include="quirrel\squirrel\compiler\sqfuncstate.cpp">
      <Filter>Source Files</Filter>
    </ClCompile>
    <ClCompile Include="quirrel\squirrel\compiler\sqio.cpp">
      <Filter>Source Files</Filter>
    </ClCompile>
    <ClCompile Include="quirrel\squirrel\compiler\static_analyzer\analyzer.cpp">
      <Filter>Source Files</Filter>
    </ClCompile>
    <ClCompile Include="quirrel\squirrel\sqapi.cpp">
      <Filter>Source Files</Filter>
    </ClCompile>
    <ClCompile Include="quirrel\squirrel\sqbaselib.cpp">
      <Filter>Source Files</Filter>
    </ClCompile>
    <ClCompile Include="quirrel\squirrel\sqclass.cpp">
      <Filter>Source Files</Filter>
    </ClCompile>
    <ClCompile Include="quirrel\squirrel\sqdebug.cpp">
      <Filter>Source Files</Filter>
    </ClCompile>
    <ClCompile Include="quirrel\squirrel\sqdedupshrinker.cpp">
      <Filter>Source Files</Filter>
    </ClCompile>
    <ClCompile Include="quirrel\squirrel\sqdirect.cpp">
      <Filter>Source Files</Filter>
    </ClCompile>
    <ClCompile Include="quirrel\squirrel\sqext.cpp">
      <Filter>Source Files</Filter>
    </ClCompile>
    <ClCompile Include="quirrel\squirrel\sqmem.cpp">
      <Filter>Source Files</Filter>
    </ClCompile>
    <ClCompile Include="quirrel\squirrel\sqobject.cpp">
      <Filter>Source Files</Filter>
    </ClCompile>
    <ClCompile Include="quirrel\squirrel\sqstate.cpp">
      <Filter>Source Files</Filter>
    </ClCompile>
    <ClCompile Include="quirrel\squirrel\sqstringlib.cpp">
      <Filter>Source Files</Filter>
    </ClCompile>
    <ClCompile Include="quirrel\squirrel\sqtable.cpp">
      <Filter>Source Files</Filter>
    </ClCompile>
    <ClCompile Include="quirrel\squirrel\sqtypeparser.cpp">
      <Filter>Source Files</Filter>
    </ClCompile>
    <ClCompile Include="quirrel\squirrel\sqvm.cpp">
      <Filter>Source Files</Filter>
    </ClCompile>
    <ClCompile Include="quirrel\squirrel\vartrace.cpp">
      <Filter>Source Files</Filter>
    </ClCompile>
    <ClCompile Include="quirrel\squirrel\vartracestub.cpp">
      <Filter>Source Files</Filter>
    </ClCompile>
  </ItemGroup>
  <ItemGroup>
    <ClInclude Include="quirrel\helpers\keyValueFile.h">
      <Filter>Header Files</Filter>
    </ClInclude>
    <ClInclude Include="quirrel\include\sqconfig.h">
      <Filter>Header Files</Filter>
    </ClInclude>
    <ClInclude Include="quirrel\include\sqdirect.h">
      <Filter>Header Files</Filter>
    </ClInclude>
    <ClInclude Include="quirrel\include\sqext.h">
      <Filter>Header Files</Filter>
    </ClInclude>
    <ClInclude Include="quirrel\include\sqio.h">
      <Filter>Header Files</Filter>
    </ClInclude>
    <ClInclude Include="quirrel\include\sqstdaux.h">
      <Filter>Header Files</Filter>
    </ClInclude>
    <ClInclude Include="quirrel\include\sqstdblob.h">
      <Filter>Header Files</Filter>
    </ClInclude>
    <ClInclude Include="quirrel\include\sqstddatetime.h">
      <Filter>Header Files</Filter>
    </ClInclude>
    <ClInclude Include="quirrel\include\sqstddebug.h">
      <Filter>Header Files</Filter>
    </ClInclude>
    <ClInclude Include="quirrel\include\sqstdio.h">
      <Filter>Header Files</Filter>
    </ClInclude>
    <ClInclude Include="quirrel\include\sqstdmath.h">
      <Filter>Header Files</Filter>
    </ClInclude>
    <ClInclude Include="quirrel\include\sqstdstring.h">
      <Filter>Header Files</Filter>
    </ClInclude>
    <ClInclude Include="quirrel\include\sqstdsystem.h">
      <Filter>Header Files</Filter>
    </ClInclude>
    <ClInclude Include="quirrel\include\squirrel.h">
      <Filter>Header Files</Filter>
    </ClInclude>
    <ClInclude Include="quirrel\internal\sqstringlib.h">
      <Filter>Header Files</Filter>
    </ClInclude>
    <ClInclude Include="quirrel\sqmodules\helpers.h">
      <Filter>Header Files</Filter>
    </ClInclude>
    <ClInclude Include="quirrel\sqmodules\path.h">
      <Filter>Header Files</Filter>
    </ClInclude>
    <ClInclude Include="quirrel\sqmodules\span.h">
      <Filter>Header Files</Filter>
    </ClInclude>
    <ClInclude Include="quirrel\sqmodules\sqmodules.h">
      <Filter>Header Files</Filter>
    </ClInclude>
    <ClInclude Include="quirrel\sqrat\include\sqrat.h">
      <Filter>Header Files</Filter>
    </ClInclude>
    <ClInclude Include="quirrel\sqrat\include\sqrat\sqratAllocator.h">
      <Filter>Header Files</Filter>
    </ClInclude>
    <ClInclude Include="quirrel\sqrat\include\sqrat\sqratArray.h">
      <Filter>Header Files</Filter>
    </ClInclude>
    <ClInclude Include="quirrel\sqrat\include\sqrat\sqratClass.h">
      <Filter>Header Files</Filter>
    </ClInclude>
    <ClInclude Include="quirrel\sqrat\include\sqrat\sqratClassType.h">
      <Filter>Header Files</Filter>
    </ClInclude>
    <ClInclude Include="quirrel\sqrat\include\sqrat\sqratConst.h">
      <Filter>Header Files</Filter>
    </ClInclude>
    <ClInclude Include="quirrel\sqrat\include\sqrat\sqratFunction.h">
      <Filter>Header Files</Filter>
    </ClInclude>
    <ClInclude Include="quirrel\sqrat\include\sqrat\sqratGlobalMethods.h">
      <Filter>Header Files</Filter>
    </ClInclude>
    <ClInclude Include="quirrel\sqrat\include\sqrat\sqratMemberMethods.h">
      <Filter>Header Files</Filter>
    </ClInclude>
    <ClInclude Include="quirrel\sqrat\include\sqrat\sqratObject.h">
      <Filter>Header Files</Filter>
    </ClInclude>
    <ClInclude Include="quirrel\sqrat\include\sqrat\sqratScript.h">
      <Filter>Header Files</Filter>
    </ClInclude>
    <ClInclude Include="quirrel\sqrat\include\sqrat\sqratTable.h">
      <Filter>Header Files</Filter>
    </ClInclude>
    <ClInclude Include="quirrel\sqrat\include\sqrat\sqratTypes.h">
      <Filter>Header Files</Filter>
    </ClInclude>
    <ClInclude Include="quirrel\sqrat\include\sqrat\sqratUtil.h">
      <Filter>Header Files</Filter>
    </ClInclude>
    <ClInclude Include="quirrel\sqstdlib\sqstdblobimpl.h">
      <Filter>Header Files</Filter>
    </ClInclude>
    <ClInclude Include="quirrel\sqstdlib\sqstdserialization.h">
      <Filter>Header Files</Filter>
    </ClInclude>
    <ClInclude Include="quirrel\sqstdlib\sqstdstream.h">
      <Filter>Header Files</Filter>
    </ClInclude>
    <ClInclude Include="quirrel\squirrel\compiler\arena.h">
      <Filter>Header Files</Filter>
    </ClInclude>
    <ClInclude Include="quirrel\squirrel\compiler\ast.h">
      <Filter>Header Files</Filter>
    </ClInclude>
    <ClInclude Include="quirrel\squirrel\compiler\ast_dump.h">
      <Filter>Header Files</Filter>
    </ClInclude>
    <ClInclude Include="quirrel\squirrel\compiler\ast_indent_render.h">
      <Filter>Header Files</Filter>
    </ClInclude>
    <ClInclude Include="quirrel\squirrel\compiler\ast_render.h">
      <Filter>Header Files</Filter>
    </ClInclude>
    <ClInclude Include="quirrel\squirrel\compiler\codegen.h">
      <Filter>Header Files</Filter>
    </ClInclude>
    <ClInclude Include="quirrel\squirrel\compiler\compilationcontext.h">
      <Filter>Header Files</Filter>
    </ClInclude>
    <ClInclude Include="quirrel\squirrel\compiler\compiler.h">
      <Filter>Header Files</Filter>
    </ClInclude>
    <ClInclude Include="quirrel\squirrel\compiler\constgen.h">
      <Filter>Header Files</Filter>
    </ClInclude>
    <ClInclude Include="quirrel\squirrel\compiler\lexer.h">
      <Filter>Header Files</Filter>
    </ClInclude>
    <ClInclude Include="quirrel\squirrel\compiler\lex_tokens.h">
      <Filter>Header Files</Filter>
    </ClInclude>
    <ClInclude Include="quirrel\squirrel\compiler\optimizations\closureHoisting.h">
      <Filter>Header Files</Filter>
    </ClInclude>
    <ClInclude Include="quirrel\squirrel\compiler\optimizer.h">
      <Filter>Header Files</Filter>
    </ClInclude>
    <ClInclude Include="quirrel\squirrel\compiler\parser.h">
      <Filter>Header Files</Filter>
    </ClInclude>
    <ClInclude Include="quirrel\squirrel\compiler\sqfuncstate.h">
      <Filter>Header Files</Filter>
    </ClInclude>
    <ClInclude Include="quirrel\squirrel\compiler\static_analyzer\analyzer.h">
      <Filter>Header Files</Filter>
    </ClInclude>
    <ClInclude Include="quirrel\squirrel\opcodes.h">
      <Filter>Header Files</Filter>
    </ClInclude>
    <ClInclude Include="quirrel\squirrel\sqarray.h">
      <Filter>Header Files</Filter>
    </ClInclude>
    <ClInclude Include="quirrel\squirrel\sqclass.h">
      <Filter>Header Files</Filter>
    </ClInclude>
    <ClInclude Include="quirrel\squirrel\sqclosure.h">
      <Filter>Header Files</Filter>
    </ClInclude>
    <ClInclude Include="quirrel\squirrel\sqfuncproto.h">
      <Filter>Header Files</Filter>
    </ClInclude>
    <ClInclude Include="quirrel\squirrel\sqobject.h">
      <Filter>Header Files</Filter>
    </ClInclude>
    <ClInclude Include="quirrel\squirrel\sqpcheader.h">
      <Filter>Header Files</Filter>
    </ClInclude>
    <ClInclude Include="quirrel\squirrel\sqstate.h">
      <Filter>Header Files</Filter>
    </ClInclude>
    <ClInclude Include="quirrel\squirrel\sqstring.h">
      <Filter>Header Files</Filter>
    </ClInclude>
    <ClInclude Include="quirrel\squirrel\sqtable.h">
      <Filter>Header Files</Filter>
    </ClInclude>
    <ClInclude Include="quirrel\squirrel\sqtypeparser.h">
      <Filter>Header Files</Filter>
    </ClInclude>
    <ClInclude Include="quirrel\squirrel\squserdata.h">
      <Filter>Header Files</Filter>
    </ClInclude>
    <ClInclude Include="quirrel\squirrel\squtils.h">
      <Filter>Header Files</Filter>
    </ClInclude>
    <ClInclude Include="quirrel\squirrel\sqvm.h">
      <Filter>Header Files</Filter>
    </ClInclude>
    <ClInclude Include="quirrel\squirrel\vartrace.h">
      <Filter>Header Files</Filter>
    </ClInclude>
  </ItemGroup>
</Project>