<?xml version="1.0" encoding="utf-8"?>
<Project ToolsVersion="4.0" xmlns="http://schemas.microsoft.com/developer/msbuild/2003">
  <ItemGroup>
    <Filter Include="Source Files">
      <UniqueIdentifier>{4FC737F1-C7A5-4376-A066-2A32D752A2FF}</UniqueIdentifier>
      <Extensions>cpp;c;cc;cxx;def;odl;idl;hpj;bat;asm;asmx</Extensions>
    </Filter>
    <Filter Include="Header Files">
      <UniqueIdentifier>{93995380-89BD-4b04-88EB-625FBE52EBFB}</UniqueIdentifier>
      <Extensions>h;hh;hpp;hxx;hm;inl;inc;ipp;xsd</Extensions>
    </Filter>
    <Filter Include="Resource Files">
      <UniqueIdentifier>{67DA6AB6-F800-4c08-8B7A-83BB121AAD01}</UniqueIdentifier>
      <Extensions>rc;ico;cur;bmp;dlg;rc2;rct;bin;rgs;gif;jpg;jpeg;jpe;resx;tiff;tif;png;wav;mfcribbon-ms</Extensions>
    </Filter>
  </ItemGroup>
  <ItemGroup>
    <ClInclude Include="Scheduler.hpp">
      <Filter>Header Files</Filter>
    </ClInclude>
    <ClInclude Include="Traits\TaskGraphTaskTraits.hpp">
      <Filter>Header Files</Filter>
    </ClInclude>
    <ClInclude Include="ListScheduler_.hpp">
      <Filter>Header Files</Filter>
    </ClInclude>
    <ClInclude Include="Tasks\SchedulableTask_.hpp">
      <Filter>Header Files</Filter>
    </ClInclude>
    <ClInclude Include="Tasks\SchedulableTask.hpp">
      <Filter>Header Files</Filter>
    </ClInclude>
    <ClInclude Include="ListScheduler.hpp">
      <Filter>Header Files</Filter>
    </ClInclude>
    <ClInclude Include="SystemEvalMakespanListScheduler.hpp">
      <Filter>Header Files</Filter>
    </ClInclude>
    <ClInclude Include="Timeline\TimelineManager.hpp">
      <Filter>Header Files</Filter>
    </ClInclude>
    <ClInclude Include="ListScheduler2.hpp">
      <Filter>Header Files</Filter>
    </ClInclude>
    <ClInclude Include="ScheduleConstraintGraph.hpp">
      <Filter>Header Files</Filter>
    </ClInclude>
    <ClInclude Include="Aspects\Processors\ScheduleNodeProcessorReady.hpp">
      <Filter>Header Files</Filter>
    </ClInclude>
    <ClInclude Include="ProcessorAllocation\ProcessorAllocationEarliestAvailable.hpp">
      <Filter>Header Files</Filter>
    </ClInclude>
    <ClInclude Include="MakeSchedule1.hpp">
      <Filter>Header Files</Filter>
    </ClInclude>
    <ClInclude Include="Constraints\ScheduleConstraintGraphSimple.hpp">
      <Filter>Header Files</Filter>
    </ClInclude>
    <ClInclude Include="Aspects\Precedence\ScheduleEventHandlerPrecedenceConstraints.hpp">
      <Filter>Header Files</Filter>
    </ClInclude>
    <ClInclude Include="Aspects\Root\ScheduleNodeRoot.hpp">
      <Filter>Header Files</Filter>
    </ClInclude>
    <ClInclude Include="Aspects\Time\ScheduleNodeTimeSpan.hpp">
      <Filter>Header Files</Filter>
    </ClInclude>
    <ClInclude Include="Aspects\Execution\ScheduleNodeExecuteTask.hpp">
      <Filter>Header Files</Filter>
    </ClInclude>
    <ClInclude Include="Aspects\Time\ScheduleNodeTimePointReady.hpp">
      <Filter>Header Files</Filter>
    </ClInclude>
    <ClInclude Include="Aspects\Time\ScheduleNodeTimePointFinish.hpp">
      <Filter>Header Files</Filter>
    </ClInclude>
    <ClInclude Include="Aspects\Execution\ScheduleNodeExecutionBarrier.hpp">
      <Filter>Header Files</Filter>
    </ClInclude>
    <ClInclude Include="Aspects\Precedence\ScheduleModifierInsertPrecedenceConstraints.hpp">
      <Filter>Header Files</Filter>
    </ClInclude>
    <ClInclude Include="Aspects\Processors\ScheduleModifierCreateProcessors.hpp">
      <Filter>Header Files</Filter>
    </ClInclude>
    <ClInclude Include="Aspects\Subtasks\ScheduleModifierInsertSubtasks.hpp">
      <Filter>Header Files</Filter>
    </ClInclude>
    <ClInclude Include="Aspects\Precedence\ScheduleMixinTaskBarrierIndices.hpp">
      <Filter>Header Files</Filter>
    </ClInclude>
    <ClInclude Include="Aspects\Subtasks\SubtaskEnabledSchedule.hpp">
      <Filter>Header Files</Filter>
    </ClInclude>
    <ClInclude Include="Facades\ScheduleHomogeneousSplittable.hpp">
      <Filter>Header Files</Filter>
    </ClInclude>
    <ClInclude Include="Aspects\TaskGraph\ScheduleMixinTaskGraph.hpp">
      <Filter>Header Files</Filter>
    </ClInclude>
    <ClInclude Include="Aspects\Root\ScheduleMixinRootNodeIndex.hpp">
      <Filter>Header Files</Filter>
    </ClInclude>
    <ClInclude Include="Aspects\Root\ScheduleModifierInsertRoot.hpp">
      <Filter>Header Files</Filter>
    </ClInclude>
    <ClInclude Include="Aspects\TaskQueue\ScheduleMixinTaskQueue.hpp">
      <Filter>Header Files</Filter>
    </ClInclude>
    <ClInclude Include="Aspects\Processors\ScheduleMixinNodeVisitorAvailableProcessors.hpp">
      <Filter>Header Files</Filter>
    </ClInclude>
    <ClInclude Include="Aspects\TaskQueue\ScheduleModifierListScheduler.hpp">
      <Filter>Header Files</Filter>
    </ClInclude>
    <ClInclude Include="Aspects\TaskQueue\ScheduleModifierStartScheduling.hpp">
      <Filter>Header Files</Filter>
    </ClInclude>
  </ItemGroup>
  <ItemGroup>
    <ClCompile Include="CreateLib.cpp">
      <Filter>Source Files</Filter>
    </ClCompile>
    <ClCompile Include="Facades\ScheduleHomogeneousSplittable.cpp">
      <Filter>Source Files</Filter>
    </ClCompile>
  </ItemGroup>
</Project>